
Microsoft Visual Studio Solution File, Format Version 12.00
# Visual Studio 15
VisualStudioVersion = 15.0.28010.2036
MinimumVisualStudioVersion = 10.0.40219.1
Project("{FAE04EC0-301F-11D3-BF4B-00C04F79EFBC}") = "DefuseBomb.Android", "DefuseBomb\DefuseBomb.Android\DefuseBomb.Android.csproj", "{E5402D6C-4906-4CBB-82F3-433626AD20D0}"
EndProject
Project("{FAE04EC0-301F-11D3-BF4B-00C04F79EFBC}") = "DefuseBomb.iOS", "DefuseBomb\DefuseBomb.iOS\DefuseBomb.iOS.csproj", "{2012B594-BE9C-4983-8EF7-33FB095AA479}"
EndProject
Project("{FAE04EC0-301F-11D3-BF4B-00C04F79EFBC}") = "DefuseBomb", "DefuseBomb\DefuseBomb\DefuseBomb.csproj", "{C468E123-DB6B-41A8-BC35-5094850F3068}"
EndProject
Global
	GlobalSection(SolutionConfigurationPlatforms) = preSolution
		Ad-Hoc|Any CPU = Ad-Hoc|Any CPU
		Ad-Hoc|iPhone = Ad-Hoc|iPhone
		Ad-Hoc|iPhoneSimulator = Ad-Hoc|iPhoneSimulator
		AppStore|Any CPU = AppStore|Any CPU
		AppStore|iPhone = AppStore|iPhone
		AppStore|iPhoneSimulator = AppStore|iPhoneSimulator
		Debug|Any CPU = Debug|Any CPU
		Debug|iPhone = Debug|iPhone
		Debug|iPhoneSimulator = Debug|iPhoneSimulator
		Release|Any CPU = Release|Any CPU
		Release|iPhone = Release|iPhone
		Release|iPhoneSimulator = Release|iPhoneSimulator
	EndGlobalSection
	GlobalSection(ProjectConfigurationPlatforms) = postSolution
		{E5402D6C-4906-4CBB-82F3-433626AD20D0}.Ad-Hoc|Any CPU.ActiveCfg = Release|Any CPU
		{E5402D6C-4906-4CBB-82F3-433626AD20D0}.Ad-Hoc|Any CPU.Build.0 = Release|Any CPU
		{E5402D6C-4906-4CBB-82F3-433626AD20D0}.Ad-Hoc|Any CPU.Deploy.0 = Release|Any CPU
		{E5402D6C-4906-4CBB-82F3-433626AD20D0}.Ad-Hoc|iPhone.ActiveCfg = Release|Any CPU
		{E5402D6C-4906-4CBB-82F3-433626AD20D0}.Ad-Hoc|iPhone.Build.0 = Release|Any CPU
		{E5402D6C-4906-4CBB-82F3-433626AD20D0}.Ad-Hoc|iPhone.Deploy.0 = Release|Any CPU
		{E5402D6C-4906-4CBB-82F3-433626AD20D0}.Ad-Hoc|iPhoneSimulator.ActiveCfg = Release|Any CPU
		{E5402D6C-4906-4CBB-82F3-433626AD20D0}.Ad-Hoc|iPhoneSimulator.Build.0 = Release|Any CPU
		{E5402D6C-4906-4CBB-82F3-433626AD20D0}.Ad-Hoc|iPhoneSimulator.Deploy.0 = Release|Any CPU
		{E5402D6C-4906-4CBB-82F3-433626AD20D0}.AppStore|Any CPU.ActiveCfg = Release|Any CPU
		{E5402D6C-4906-4CBB-82F3-433626AD20D0}.AppStore|Any CPU.Build.0 = Release|Any CPU
		{E5402D6C-4906-4CBB-82F3-433626AD20D0}.AppStore|Any CPU.Deploy.0 = Release|Any CPU
		{E5402D6C-4906-4CBB-82F3-433626AD20D0}.AppStore|iPhone.ActiveCfg = Release|Any CPU
		{E5402D6C-4906-4CBB-82F3-433626AD20D0}.AppStore|iPhone.Build.0 = Release|Any CPU
		{E5402D6C-4906-4CBB-82F3-433626AD20D0}.AppStore|iPhone.Deploy.0 = Release|Any CPU
		{E5402D6C-4906-4CBB-82F3-433626AD20D0}.AppStore|iPhoneSimulator.ActiveCfg = Release|Any CPU
		{E5402D6C-4906-4CBB-82F3-433626AD20D0}.AppStore|iPhoneSimulator.Build.0 = Release|Any CPU
		{E5402D6C-4906-4CBB-82F3-433626AD20D0}.AppStore|iPhoneSimulator.Deploy.0 = Release|Any CPU
		{E5402D6C-4906-4CBB-82F3-433626AD20D0}.Debug|Any CPU.ActiveCfg = Debug|Any CPU
		{E5402D6C-4906-4CBB-82F3-433626AD20D0}.Debug|Any CPU.Build.0 = Debug|Any CPU
		{E5402D6C-4906-4CBB-82F3-433626AD20D0}.Debug|Any CPU.Deploy.0 = Debug|Any CPU
		{E5402D6C-4906-4CBB-82F3-433626AD20D0}.Debug|iPhone.ActiveCfg = Debug|Any CPU
		{E5402D6C-4906-4CBB-82F3-433626AD20D0}.Debug|iPhone.Build.0 = Debug|Any CPU
		{E5402D6C-4906-4CBB-82F3-433626AD20D0}.Debug|iPhone.Deploy.0 = Debug|Any CPU
		{E5402D6C-4906-4CBB-82F3-433626AD20D0}.Debug|iPhoneSimulator.ActiveCfg = Debug|Any CPU
		{E5402D6C-4906-4CBB-82F3-433626AD20D0}.Debug|iPhoneSimulator.Build.0 = Debug|Any CPU
		{E5402D6C-4906-4CBB-82F3-433626AD20D0}.Debug|iPhoneSimulator.Deploy.0 = Debug|Any CPU
		{E5402D6C-4906-4CBB-82F3-433626AD20D0}.Release|Any CPU.ActiveCfg = Release|Any CPU
		{E5402D6C-4906-4CBB-82F3-433626AD20D0}.Release|Any CPU.Build.0 = Release|Any CPU
		{E5402D6C-4906-4CBB-82F3-433626AD20D0}.Release|Any CPU.Deploy.0 = Release|Any CPU
		{E5402D6C-4906-4CBB-82F3-433626AD20D0}.Release|iPhone.ActiveCfg = Release|Any CPU
		{E5402D6C-4906-4CBB-82F3-433626AD20D0}.Release|iPhone.Build.0 = Release|Any CPU
		{E5402D6C-4906-4CBB-82F3-433626AD20D0}.Release|iPhone.Deploy.0 = Release|Any CPU
		{E5402D6C-4906-4CBB-82F3-433626AD20D0}.Release|iPhoneSimulator.ActiveCfg = Release|Any CPU
		{E5402D6C-4906-4CBB-82F3-433626AD20D0}.Release|iPhoneSimulator.Build.0 = Release|Any CPU
		{E5402D6C-4906-4CBB-82F3-433626AD20D0}.Release|iPhoneSimulator.Deploy.0 = Release|Any CPU
		{2012B594-BE9C-4983-8EF7-33FB095AA479}.Ad-Hoc|Any CPU.ActiveCfg = Ad-Hoc|iPhone
		{2012B594-BE9C-4983-8EF7-33FB095AA479}.Ad-Hoc|Any CPU.Build.0 = Ad-Hoc|iPhone
		{2012B594-BE9C-4983-8EF7-33FB095AA479}.Ad-Hoc|Any CPU.Deploy.0 = Ad-Hoc|iPhone
		{2012B594-BE9C-4983-8EF7-33FB095AA479}.Ad-Hoc|iPhone.ActiveCfg = Ad-Hoc|iPhone
		{2012B594-BE9C-4983-8EF7-33FB095AA479}.Ad-Hoc|iPhone.Build.0 = Ad-Hoc|iPhone
		{2012B594-BE9C-4983-8EF7-33FB095AA479}.Ad-Hoc|iPhone.Deploy.0 = Ad-Hoc|iPhone
		{2012B594-BE9C-4983-8EF7-33FB095AA479}.Ad-Hoc|iPhoneSimulator.ActiveCfg = Ad-Hoc|iPhoneSimulator
		{2012B594-BE9C-4983-8EF7-33FB095AA479}.Ad-Hoc|iPhoneSimulator.Build.0 = Ad-Hoc|iPhoneSimulator
		{2012B594-BE9C-4983-8EF7-33FB095AA479}.Ad-Hoc|iPhoneSimulator.Deploy.0 = Ad-Hoc|iPhoneSimulator
		{2012B594-BE9C-4983-8EF7-33FB095AA479}.AppStore|Any CPU.ActiveCfg = AppStore|iPhone
		{2012B594-BE9C-4983-8EF7-33FB095AA479}.AppStore|Any CPU.Build.0 = AppStore|iPhone
		{2012B594-BE9C-4983-8EF7-33FB095AA479}.AppStore|Any CPU.Deploy.0 = AppStore|iPhone
		{2012B594-BE9C-4983-8EF7-33FB095AA479}.AppStore|iPhone.ActiveCfg = AppStore|iPhone
		{2012B594-BE9C-4983-8EF7-33FB095AA479}.AppStore|iPhone.Build.0 = AppStore|iPhone
		{2012B594-BE9C-4983-8EF7-33FB095AA479}.AppStore|iPhone.Deploy.0 = AppStore|iPhone
		{2012B594-BE9C-4983-8EF7-33FB095AA479}.AppStore|iPhoneSimulator.ActiveCfg = AppStore|iPhoneSimulator
		{2012B594-BE9C-4983-8EF7-33FB095AA479}.AppStore|iPhoneSimulator.Build.0 = AppStore|iPhoneSimulator
		{2012B594-BE9C-4983-8EF7-33FB095AA479}.AppStore|iPhoneSimulator.Deploy.0 = AppStore|iPhoneSimulator
		{2012B594-BE9C-4983-8EF7-33FB095AA479}.Debug|Any CPU.ActiveCfg = Debug|iPhoneSimulator
		{2012B594-BE9C-4983-8EF7-33FB095AA479}.Debug|Any CPU.Build.0 = Debug|iPhoneSimulator
		{2012B594-BE9C-4983-8EF7-33FB095AA479}.Debug|Any CPU.Deploy.0 = Debug|iPhoneSimulator
		{2012B594-BE9C-4983-8EF7-33FB095AA479}.Debug|iPhone.ActiveCfg = Debug|iPhone
		{2012B594-BE9C-4983-8EF7-33FB095AA479}.Debug|iPhone.Build.0 = Debug|iPhone
		{2012B594-BE9C-4983-8EF7-33FB095AA479}.Debug|iPhone.Deploy.0 = Debug|iPhone
		{2012B594-BE9C-4983-8EF7-33FB095AA479}.Debug|iPhoneSimulator.ActiveCfg = Debug|iPhoneSimulator
		{2012B594-BE9C-4983-8EF7-33FB095AA479}.Debug|iPhoneSimulator.Build.0 = Debug|iPhoneSimulator
		{2012B594-BE9C-4983-8EF7-33FB095AA479}.Debug|iPhoneSimulator.Deploy.0 = Debug|iPhoneSimulator
		{2012B594-BE9C-4983-8EF7-33FB095AA479}.Release|Any CPU.ActiveCfg = Release|iPhone
		{2012B594-BE9C-4983-8EF7-33FB095AA479}.Release|Any CPU.Build.0 = Release|iPhone
		{2012B594-BE9C-4983-8EF7-33FB095AA479}.Release|Any CPU.Deploy.0 = Release|iPhone
		{2012B594-BE9C-4983-8EF7-33FB095AA479}.Release|iPhone.ActiveCfg = Release|iPhone
		{2012B594-BE9C-4983-8EF7-33FB095AA479}.Release|iPhone.Build.0 = Release|iPhone
		{2012B594-BE9C-4983-8EF7-33FB095AA479}.Release|iPhone.Deploy.0 = Release|iPhone
		{2012B594-BE9C-4983-8EF7-33FB095AA479}.Release|iPhoneSimulator.ActiveCfg = Release|iPhoneSimulator
		{2012B594-BE9C-4983-8EF7-33FB095AA479}.Release|iPhoneSimulator.Build.0 = Release|iPhoneSimulator
		{2012B594-BE9C-4983-8EF7-33FB095AA479}.Release|iPhoneSimulator.Deploy.0 = Release|iPhoneSimulator
		{C468E123-DB6B-41A8-BC35-5094850F3068}.Ad-Hoc|Any CPU.ActiveCfg = Debug|Any CPU
		{C468E123-DB6B-41A8-BC35-5094850F3068}.Ad-Hoc|Any CPU.Build.0 = Debug|Any CPU
		{C468E123-DB6B-41A8-BC35-5094850F3068}.Ad-Hoc|Any CPU.Deploy.0 = Debug|Any CPU
		{C468E123-DB6B-41A8-BC35-5094850F3068}.Ad-Hoc|iPhone.ActiveCfg = Debug|Any CPU
		{C468E123-DB6B-41A8-BC35-5094850F3068}.Ad-Hoc|iPhone.Build.0 = Debug|Any CPU
		{C468E123-DB6B-41A8-BC35-5094850F3068}.Ad-Hoc|iPhone.Deploy.0 = Debug|Any CPU
		{C468E123-DB6B-41A8-BC35-5094850F3068}.Ad-Hoc|iPhoneSimulator.ActiveCfg = Debug|Any CPU
		{C468E123-DB6B-41A8-BC35-5094850F3068}.Ad-Hoc|iPhoneSimulator.Build.0 = Debug|Any CPU
		{C468E123-DB6B-41A8-BC35-5094850F3068}.Ad-Hoc|iPhoneSimulator.Deploy.0 = Debug|Any CPU
		{C468E123-DB6B-41A8-BC35-5094850F3068}.AppStore|Any CPU.ActiveCfg = Debug|Any CPU
		{C468E123-DB6B-41A8-BC35-5094850F3068}.AppStore|Any CPU.Build.0 = Debug|Any CPU
		{C468E123-DB6B-41A8-BC35-5094850F3068}.AppStore|Any CPU.Deploy.0 = Debug|Any CPU
		{C468E123-DB6B-41A8-BC35-5094850F3068}.AppStore|iPhone.ActiveCfg = Debug|Any CPU
		{C468E123-DB6B-41A8-BC35-5094850F3068}.AppStore|iPhone.Build.0 = Debug|Any CPU
		{C468E123-DB6B-41A8-BC35-5094850F3068}.AppStore|iPhone.Deploy.0 = Debug|Any CPU
		{C468E123-DB6B-41A8-BC35-5094850F3068}.AppStore|iPhoneSimulator.ActiveCfg = Debug|Any CPU
		{C468E123-DB6B-41A8-BC35-5094850F3068}.AppStore|iPhoneSimulator.Build.0 = Debug|Any CPU
		{C468E123-DB6B-41A8-BC35-5094850F3068}.AppStore|iPhoneSimulator.Deploy.0 = Debug|Any CPU
		{C468E123-DB6B-41A8-BC35-5094850F3068}.Debug|Any CPU.ActiveCfg = Debug|Any CPU
		{C468E123-DB6B-41A8-BC35-5094850F3068}.Debug|Any CPU.Build.0 = Debug|Any CPU
		{C468E123-DB6B-41A8-BC35-5094850F3068}.Debug|Any CPU.Deploy.0 = Debug|Any CPU
		{C468E123-DB6B-41A8-BC35-5094850F3068}.Debug|iPhone.ActiveCfg = Debug|Any CPU
		{C468E123-DB6B-41A8-BC35-5094850F3068}.Debug|iPhone.Build.0 = Debug|Any CPU
		{C468E123-DB6B-41A8-BC35-5094850F3068}.Debug|iPhone.Deploy.0 = Debug|Any CPU
		{C468E123-DB6B-41A8-BC35-5094850F3068}.Debug|iPhoneSimulator.ActiveCfg = Debug|Any CPU
		{C468E123-DB6B-41A8-BC35-5094850F3068}.Debug|iPhoneSimulator.Build.0 = Debug|Any CPU
		{C468E123-DB6B-41A8-BC35-5094850F3068}.Debug|iPhoneSimulator.Deploy.0 = Debug|Any CPU
		{C468E123-DB6B-41A8-BC35-5094850F3068}.Release|Any CPU.ActiveCfg = Release|Any CPU
		{C468E123-DB6B-41A8-BC35-5094850F3068}.Release|Any CPU.Build.0 = Release|Any CPU
		{C468E123-DB6B-41A8-BC35-5094850F3068}.Release|Any CPU.Deploy.0 = Release|Any CPU
		{C468E123-DB6B-41A8-BC35-5094850F3068}.Release|iPhone.ActiveCfg = Release|Any CPU
		{C468E123-DB6B-41A8-BC35-5094850F3068}.Release|iPhone.Build.0 = Release|Any CPU
		{C468E123-DB6B-41A8-BC35-5094850F3068}.Release|iPhone.Deploy.0 = Release|Any CPU
		{C468E123-DB6B-41A8-BC35-5094850F3068}.Release|iPhoneSimulator.ActiveCfg = Release|Any CPU
		{C468E123-DB6B-41A8-BC35-5094850F3068}.Release|iPhoneSimulator.Build.0 = Release|Any CPU
		{C468E123-DB6B-41A8-BC35-5094850F3068}.Release|iPhoneSimulator.Deploy.0 = Release|Any CPU
	EndGlobalSection
	GlobalSection(SolutionProperties) = preSolution
		HideSolutionNode = FALSE
	EndGlobalSection
	GlobalSection(ExtensibilityGlobals) = postSolution
		SolutionGuid = {5898A60F-EF24-4E4A-ADA7-9F68CC98B704}
	EndGlobalSection
EndGlobal
